// !$*UTF8*$!
{
	archiveVersion = 1;
	classes = {
	};
	objectVersion = 50;
	objects = {

/* Begin PBXBuildFile section */
		55B4097D21E2686000374035 /* AppDelegate.swift in Sources */ = {isa = PBXBuildFile; fileRef = 55B4097C21E2686000374035 /* AppDelegate.swift */; };
		55B4097F21E2686000374035 /* ViewController.swift in Sources */ = {isa = PBXBuildFile; fileRef = 55B4097E21E2686000374035 /* ViewController.swift */; };
		55B4098121E2686000374035 /* Document.swift in Sources */ = {isa = PBXBuildFile; fileRef = 55B4098021E2686000374035 /* Document.swift */; };
		55B4098321E2686700374035 /* Assets.xcassets in Resources */ = {isa = PBXBuildFile; fileRef = 55B4098221E2686700374035 /* Assets.xcassets */; };
		55B4098621E2686700374035 /* Main.storyboard in Resources */ = {isa = PBXBuildFile; fileRef = 55B4098421E2686700374035 /* Main.storyboard */; };
		55B4099221E2686700374035 /* VocalTextEditTests.swift in Sources */ = {isa = PBXBuildFile; fileRef = 55B4099121E2686700374035 /* VocalTextEditTests.swift */; };
		55B4099D21E2686700374035 /* VocalTextEditUITests.swift in Sources */ = {isa = PBXBuildFile; fileRef = 55B4099C21E2686700374035 /* VocalTextEditUITests.swift */; };
/* End PBXBuildFile section */

/* Begin PBXContainerItemProxy section */
		55B4098E21E2686700374035 /* PBXContainerItemProxy */ = {
			isa = PBXContainerItemProxy;
			containerPortal = 55B4097121E2686000374035 /* Project object */;
			proxyType = 1;
			remoteGlobalIDString = 55B4097821E2686000374035;
			remoteInfo = VocalTextEdit;
		};
		55B4099921E2686700374035 /* PBXContainerItemProxy */ = {
			isa = PBXContainerItemProxy;
			containerPortal = 55B4097121E2686000374035 /* Project object */;
			proxyType = 1;
			remoteGlobalIDString = 55B4097821E2686000374035;
			remoteInfo = VocalTextEdit;
		};
/* End PBXContainerItemProxy section */

/* Begin PBXFileReference section */
		55B4097921E2686000374035 /* VocalTextEdit.app */ = {isa = PBXFileReference; explicitFileType = wrapper.application; includeInIndex = 0; path = VocalTextEdit.app; sourceTree = BUILT_PRODUCTS_DIR; };
		55B4097C21E2686000374035 /* AppDelegate.swift */ = {isa = PBXFileReference; lastKnownFileType = sourcecode.swift; path = AppDelegate.swift; sourceTree = "<group>"; };
		55B4097E21E2686000374035 /* ViewController.swift */ = {isa = PBXFileReference; lastKnownFileType = sourcecode.swift; path = ViewController.swift; sourceTree = "<group>"; };
		55B4098021E2686000374035 /* Document.swift */ = {isa = PBXFileReference; lastKnownFileType = sourcecode.swift; path = Document.swift; sourceTree = "<group>"; };
		55B4098221E2686700374035 /* Assets.xcassets */ = {isa = PBXFileReference; lastKnownFileType = folder.assetcatalog; path = Assets.xcassets; sourceTree = "<group>"; };
		55B4098521E2686700374035 /* Base */ = {isa = PBXFileReference; lastKnownFileType = file.storyboard; name = Base; path = Base.lproj/Main.storyboard; sourceTree = "<group>"; };
		55B4098721E2686700374035 /* Info.plist */ = {isa = PBXFileReference; lastKnownFileType = text.plist.xml; path = Info.plist; sourceTree = "<group>"; };
		55B4098821E2686700374035 /* VocalTextEdit.entitlements */ = {isa = PBXFileReference; lastKnownFileType = text.plist.entitlements; path = VocalTextEdit.entitlements; sourceTree = "<group>"; };
		55B4098D21E2686700374035 /* VocalTextEditTests.xctest */ = {isa = PBXFileReference; explicitFileType = wrapper.cfbundle; includeInIndex = 0; path = VocalTextEditTests.xctest; sourceTree = BUILT_PRODUCTS_DIR; };
		55B4099121E2686700374035 /* VocalTextEditTests.swift */ = {isa = PBXFileReference; lastKnownFileType = sourcecode.swift; path = VocalTextEditTests.swift; sourceTree = "<group>"; };
		55B4099321E2686700374035 /* Info.plist */ = {isa = PBXFileReference; lastKnownFileType = text.plist.xml; path = Info.plist; sourceTree = "<group>"; };
		55B4099821E2686700374035 /* VocalTextEditUITests.xctest */ = {isa = PBXFileReference; explicitFileType = wrapper.cfbundle; includeInIndex = 0; path = VocalTextEditUITests.xctest; sourceTree = BUILT_PRODUCTS_DIR; };
		55B4099C21E2686700374035 /* VocalTextEditUITests.swift */ = {isa = PBXFileReference; lastKnownFileType = sourcecode.swift; path = VocalTextEditUITests.swift; sourceTree = "<group>"; };
		55B4099E21E2686700374035 /* Info.plist */ = {isa = PBXFileReference; lastKnownFileType = text.plist.xml; path = Info.plist; sourceTree = "<group>"; };
/* End PBXFileReference section */

/* Begin PBXFrameworksBuildPhase section */
		55B4097621E2686000374035 /* Frameworks */ = {
			isa = PBXFrameworksBuildPhase;
			buildActionMask = 2147483647;
			files = (
			);
			runOnlyForDeploymentPostprocessing = 0;
		};
		55B4098A21E2686700374035 /* Frameworks */ = {
			isa = PBXFrameworksBuildPhase;
			buildActionMask = 2147483647;
			files = (
			);
			runOnlyForDeploymentPostprocessing = 0;
		};
		55B4099521E2686700374035 /* Frameworks */ = {
			isa = PBXFrameworksBuildPhase;
			buildActionMask = 2147483647;
			files = (
			);
			runOnlyForDeploymentPostprocessing = 0;
		};
/* End PBXFrameworksBuildPhase section */

/* Begin PBXGroup section */
		55B4097021E2686000374035 = {
			isa = PBXGroup;
			children = (
				55B4097B21E2686000374035 /* VocalTextEdit */,
				55B4099021E2686700374035 /* VocalTextEditTests */,
				55B4099B21E2686700374035 /* VocalTextEditUITests */,
				55B4097A21E2686000374035 /* Products */,
			);
			sourceTree = "<group>";
		};
		55B4097A21E2686000374035 /* Products */ = {
			isa = PBXGroup;
			children = (
				55B4097921E2686000374035 /* VocalTextEdit.app */,
				55B4098D21E2686700374035 /* VocalTextEditTests.xctest */,
				55B4099821E2686700374035 /* VocalTextEditUITests.xctest */,
			);
			name = Products;
			sourceTree = "<group>";
		};
		55B4097B21E2686000374035 /* VocalTextEdit */ = {
			isa = PBXGroup;
			children = (
				55B4097C21E2686000374035 /* AppDelegate.swift */,
				55B4097E21E2686000374035 /* ViewController.swift */,
				55B4098021E2686000374035 /* Document.swift */,
				55B4098221E2686700374035 /* Assets.xcassets */,
				55B4098421E2686700374035 /* Main.storyboard */,
				55B4098721E2686700374035 /* Info.plist */,
				55B4098821E2686700374035 /* VocalTextEdit.entitlements */,
			);
			path = VocalTextEdit;
			sourceTree = "<group>";
		};
		55B4099021E2686700374035 /* VocalTextEditTests */ = {
			isa = PBXGroup;
			children = (
				55B4099121E2686700374035 /* VocalTextEditTests.swift */,
				55B4099321E2686700374035 /* Info.plist */,
			);
			path = VocalTextEditTests;
			sourceTree = "<group>";
		};
		55B4099B21E2686700374035 /* VocalTextEditUITests */ = {
			isa = PBXGroup;
			children = (
				55B4099C21E2686700374035 /* VocalTextEditUITests.swift */,
				55B4099E21E2686700374035 /* Info.plist */,
			);
			path = VocalTextEditUITests;
			sourceTree = "<group>";
		};
/* End PBXGroup section */

/* Begin PBXNativeTarget section */
		55B4097821E2686000374035 /* VocalTextEdit */ = {
			isa = PBXNativeTarget;
			buildConfigurationList = 55B409A121E2686700374035 /* Build configuration list for PBXNativeTarget "VocalTextEdit" */;
			buildPhases = (
				55B4097521E2686000374035 /* Sources */,
				55B4097621E2686000374035 /* Frameworks */,
				55B4097721E2686000374035 /* Resources */,
			);
			buildRules = (
			);
			dependencies = (
			);
			name = VocalTextEdit;
			productName = VocalTextEdit;
			productReference = 55B4097921E2686000374035 /* VocalTextEdit.app */;
			productType = "com.apple.product-type.application";
		};
		55B4098C21E2686700374035 /* VocalTextEditTests */ = {
			isa = PBXNativeTarget;
			buildConfigurationList = 55B409A421E2686700374035 /* Build configuration list for PBXNativeTarget "VocalTextEditTests" */;
			buildPhases = (
				55B4098921E2686700374035 /* Sources */,
				55B4098A21E2686700374035 /* Frameworks */,
				55B4098B21E2686700374035 /* Resources */,
			);
			buildRules = (
			);
			dependencies = (
				55B4098F21E2686700374035 /* PBXTargetDependency */,
			);
			name = VocalTextEditTests;
			productName = VocalTextEditTests;
			productReference = 55B4098D21E2686700374035 /* VocalTextEditTests.xctest */;
			productType = "com.apple.product-type.bundle.unit-test";
		};
		55B4099721E2686700374035 /* VocalTextEditUITests */ = {
			isa = PBXNativeTarget;
			buildConfigurationList = 55B409A721E2686700374035 /* Build configuration list for PBXNativeTarget "VocalTextEditUITests" */;
			buildPhases = (
				55B4099421E2686700374035 /* Sources */,
				55B4099521E2686700374035 /* Frameworks */,
				55B4099621E2686700374035 /* Resources */,
			);
			buildRules = (
			);
			dependencies = (
				55B4099A21E2686700374035 /* PBXTargetDependency */,
			);
			name = VocalTextEditUITests;
			productName = VocalTextEditUITests;
			productReference = 55B4099821E2686700374035 /* VocalTextEditUITests.xctest */;
			productType = "com.apple.product-type.bundle.ui-testing";
		};
/* End PBXNativeTarget section */

/* Begin PBXProject section */
		55B4097121E2686000374035 /* Project object */ = {
			isa = PBXProject;
			attributes = {
				LastSwiftUpdateCheck = 1010;
				LastUpgradeCheck = 1010;
				ORGANIZATIONNAME = "Reichard, Frank (US - Mechanicsburg Delivery)";
				TargetAttributes = {
					55B4097821E2686000374035 = {
						CreatedOnToolsVersion = 10.1;
					};
					55B4098C21E2686700374035 = {
						CreatedOnToolsVersion = 10.1;
						TestTargetID = 55B4097821E2686000374035;
					};
					55B4099721E2686700374035 = {
						CreatedOnToolsVersion = 10.1;
						TestTargetID = 55B4097821E2686000374035;
					};
				};
			};
			buildConfigurationList = 55B4097421E2686000374035 /* Build configuration list for PBXProject "VocalTextEdit" */;
			compatibilityVersion = "Xcode 9.3";
			developmentRegion = en;
			hasScannedForEncodings = 0;
			knownRegions = (
				en,
				Base,
			);
			mainGroup = 55B4097021E2686000374035;
			productRefGroup = 55B4097A21E2686000374035 /* Products */;
			projectDirPath = "";
			projectRoot = "";
			targets = (
				55B4097821E2686000374035 /* VocalTextEdit */,
				55B4098C21E2686700374035 /* VocalTextEditTests */,
				55B4099721E2686700374035 /* VocalTextEditUITests */,
			);
		};
/* End PBXProject section */

/* Begin PBXResourcesBuildPhase section */
		55B4097721E2686000374035 /* Resources */ = {
			isa = PBXResourcesBuildPhase;
			buildActionMask = 2147483647;
			files = (
				55B4098321E2686700374035 /* Assets.xcassets in Resources */,
				55B4098621E2686700374035 /* Main.storyboard in Resources */,
			);
			runOnlyForDeploymentPostprocessing = 0;
		};
		55B4098B21E2686700374035 /* Resources */ = {
			isa = PBXResourcesBuildPhase;
			buildActionMask = 2147483647;
			files = (
			);
			runOnlyForDeploymentPostprocessing = 0;
		};
		55B4099621E2686700374035 /* Resources */ = {
			isa = PBXResourcesBuildPhase;
			buildActionMask = 2147483647;
			files = (
			);
			runOnlyForDeploymentPostprocessing = 0;
		};
/* End PBXResourcesBuildPhase section */

/* Begin PBXSourcesBuildPhase section */
		55B4097521E2686000374035 /* Sources */ = {
			isa = PBXSourcesBuildPhase;
			buildActionMask = 2147483647;
			files = (
				55B4097F21E2686000374035 /* ViewController.swift in Sources */,
				55B4097D21E2686000374035 /* AppDelegate.swift in Sources */,
				55B4098121E2686000374035 /* Document.swift in Sources */,
			);
			runOnlyForDeploymentPostprocessing = 0;
		};
		55B4098921E2686700374035 /* Sources */ = {
			isa = PBXSourcesBuildPhase;
			buildActionMask = 2147483647;
			files = (
				55B4099221E2686700374035 /* VocalTextEditTests.swift in Sources */,
			);
			runOnlyForDeploymentPostprocessing = 0;
		};
		55B4099421E2686700374035 /* Sources */ = {
			isa = PBXSourcesBuildPhase;
			buildActionMask = 2147483647;
			files = (
				55B4099D21E2686700374035 /* VocalTextEditUITests.swift in Sources */,
			);
			runOnlyForDeploymentPostprocessing = 0;
		};
/* End PBXSourcesBuildPhase section */

/* Begin PBXTargetDependency section */
		55B4098F21E2686700374035 /* PBXTargetDependency */ = {
			isa = PBXTargetDependency;
			target = 55B4097821E2686000374035 /* VocalTextEdit */;
			targetProxy = 55B4098E21E2686700374035 /* PBXContainerItemProxy */;
		};
		55B4099A21E2686700374035 /* PBXTargetDependency */ = {
			isa = PBXTargetDependency;
			target = 55B4097821E2686000374035 /* VocalTextEdit */;
			targetProxy = 55B4099921E2686700374035 /* PBXContainerItemProxy */;
		};
/* End PBXTargetDependency section */

/* Begin PBXVariantGroup section */
		55B4098421E2686700374035 /* Main.storyboard */ = {
			isa = PBXVariantGroup;
			children = (
				55B4098521E2686700374035 /* Base */,
			);
			name = Main.storyboard;
			sourceTree = "<group>";
		};
/* End PBXVariantGroup section */

/* Begin XCBuildConfiguration section */
		55B4099F21E2686700374035 /* Debug */ = {
			isa = XCBuildConfiguration;
			buildSettings = {
				ALWAYS_SEARCH_USER_PATHS = NO;
				CLANG_ANALYZER_NONNULL = YES;
				CLANG_ANALYZER_NUMBER_OBJECT_CONVERSION = YES_AGGRESSIVE;
				CLANG_CXX_LANGUAGE_STANDARD = "gnu++14";
				CLANG_CXX_LIBRARY = "libc++";
				CLANG_ENABLE_MODULES = YES;
				CLANG_ENABLE_OBJC_ARC = YES;
				CLANG_ENABLE_OBJC_WEAK = YES;
				CLANG_WARN_BLOCK_CAPTURE_AUTORELEASING = YES;
				CLANG_WARN_BOOL_CONVERSION = YES;
				CLANG_WARN_COMMA = YES;
				CLANG_WARN_CONSTANT_CONVERSION = YES;
				CLANG_WARN_DEPRECATED_OBJC_IMPLEMENTATIONS = YES;
				CLANG_WARN_DIRECT_OBJC_ISA_USAGE = YES_ERROR;
				CLANG_WARN_DOCUMENTATION_COMMENTS = YES;
				CLANG_WARN_EMPTY_BODY = YES;
				CLANG_WARN_ENUM_CONVERSION = YES;
				CLANG_WARN_INFINITE_RECURSION = YES;
				CLANG_WARN_INT_CONVERSION = YES;
				CLANG_WARN_NON_LITERAL_NULL_CONVERSION = YES;
				CLANG_WARN_OBJC_IMPLICIT_RETAIN_SELF = YES;
				CLANG_WARN_OBJC_LITERAL_CONVERSION = YES;
				CLANG_WARN_OBJC_ROOT_CLASS = YES_ERROR;
				CLANG_WARN_RANGE_LOOP_ANALYSIS = YES;
				CLANG_WARN_STRICT_PROTOTYPES = YES;
				CLANG_WARN_SUSPICIOUS_MOVE = YES;
				CLANG_WARN_UNGUARDED_AVAILABILITY = YES_AGGRESSIVE;
				CLANG_WARN_UNREACHABLE_CODE = YES;
				CLANG_WARN__DUPLICATE_METHOD_MATCH = YES;
				CODE_SIGN_IDENTITY = "-";
				COPY_PHASE_STRIP = NO;
				DEBUG_INFORMATION_FORMAT = dwarf;
				ENABLE_STRICT_OBJC_MSGSEND = YES;
				ENABLE_TESTABILITY = YES;
				GCC_C_LANGUAGE_STANDARD = gnu11;
				GCC_DYNAMIC_NO_PIC = NO;
				GCC_NO_COMMON_BLOCKS = YES;
				GCC_OPTIMIZATION_LEVEL = 0;
				GCC_PREPROCESSOR_DEFINITIONS = (
					"DEBUG=1",
					"$(inherited)",
				);
				GCC_WARN_64_TO_32_BIT_CONVERSION = YES;
				GCC_WARN_ABOUT_RETURN_TYPE = YES_ERROR;
				GCC_WARN_UNDECLARED_SELECTOR = YES;
				GCC_WARN_UNINITIALIZED_AUTOS = YES_AGGRESSIVE;
				GCC_WARN_UNUSED_FUNCTION = YES;
				GCC_WARN_UNUSED_VARIABLE = YES;
				MACOSX_DEPLOYMENT_TARGET = 10.14;
				MTL_ENABLE_DEBUG_INFO = INCLUDE_SOURCE;
				MTL_FAST_MATH = YES;
				ONLY_ACTIVE_ARCH = YES;
				SDKROOT = macosx;
				SWIFT_ACTIVE_COMPILATION_CONDITIONS = DEBUG;
				SWIFT_OPTIMIZATION_LEVEL = "-Onone";
			};
			name = Debug;
		};
		55B409A021E2686700374035 /* Release */ = {
			isa = XCBuildConfiguration;
			buildSettings = {
				ALWAYS_SEARCH_USER_PATHS = NO;
				CLANG_ANALYZER_NONNULL = YES;
				CLANG_ANALYZER_NUMBER_OBJECT_CONVERSION = YES_AGGRESSIVE;
				CLANG_CXX_LANGUAGE_STANDARD = "gnu++14";
				CLANG_CXX_LIBRARY = "libc++";
				CLANG_ENABLE_MODULES = YES;
				CLANG_ENABLE_OBJC_ARC = YES;
				CLANG_ENABLE_OBJC_WEAK = YES;
				CLANG_WARN_BLOCK_CAPTURE_AUTORELEASING = YES;
				CLANG_WARN_BOOL_CONVERSION = YES;
				CLANG_WARN_COMMA = YES;
				CLANG_WARN_CONSTANT_CONVERSION = YES;
				CLANG_WARN_DEPRECATED_OBJC_IMPLEMENTATIONS = YES;
				CLANG_WARN_DIRECT_OBJC_ISA_USAGE = YES_ERROR;
				CLANG_WARN_DOCUMENTATION_COMMENTS = YES;
				CLANG_WARN_EMPTY_BODY = YES;
				CLANG_WARN_ENUM_CONVERSION = YES;
				CLANG_WARN_INFINITE_RECURSION = YES;
				CLANG_WARN_INT_CONVERSION = YES;
				CLANG_WARN_NON_LITERAL_NULL_CONVERSION = YES;
				CLANG_WARN_OBJC_IMPLICIT_RETAIN_SELF = YES;
				CLANG_WARN_OBJC_LITERAL_CONVERSION = YES;
				CLANG_WARN_OBJC_ROOT_CLASS = YES_ERROR;
				CLANG_WARN_RANGE_LOOP_ANALYSIS = YES;
				CLANG_WARN_STRICT_PROTOTYPES = YES;
				CLANG_WARN_SUSPICIOUS_MOVE = YES;
				CLANG_WARN_UNGUARDED_AVAILABILITY = YES_AGGRESSIVE;
				CLANG_WARN_UNREACHABLE_CODE = YES;
				CLANG_WARN__DUPLICATE_METHOD_MATCH = YES;
				CODE_SIGN_IDENTITY = "-";
				COPY_PHASE_STRIP = NO;
				DEBUG_INFORMATION_FORMAT = "dwarf-with-dsym";
				ENABLE_NS_ASSERTIONS = NO;
				ENABLE_STRICT_OBJC_MSGSEND = YES;
				GCC_C_LANGUAGE_STANDARD = gnu11;
				GCC_NO_COMMON_BLOCKS = YES;
				GCC_WARN_64_TO_32_BIT_CONVERSION = YES;
				GCC_WARN_ABOUT_RETURN_TYPE = YES_ERROR;
				GCC_WARN_UNDECLARED_SELECTOR = YES;
				GCC_WARN_UNINITIALIZED_AUTOS = YES_AGGRESSIVE;
				GCC_WARN_UNUSED_FUNCTION = YES;
				GCC_WARN_UNUSED_VARIABLE = YES;
				MACOSX_DEPLOYMENT_TARGET = 10.14;
				MTL_ENABLE_DEBUG_INFO = NO;
				MTL_FAST_MATH = YES;
				SDKROOT = macosx;
				SWIFT_COMPILATION_MODE = wholemodule;
				SWIFT_OPTIMIZATION_LEVEL = "-O";
			};
			name = Release;
		};
		55B409A221E2686700374035 /* Debug */ = {
			isa = XCBuildConfiguration;
			buildSettings = {
				ASSETCATALOG_COMPILER_APPICON_NAME = AppIcon;
				CODE_SIGN_ENTITLEMENTS = VocalTextEdit/VocalTextEdit.entitlements;
				CODE_SIGN_STYLE = Automatic;
				COMBINE_HIDPI_IMAGES = YES;
				INFOPLIST_FILE = VocalTextEdit/Info.plist;
				LD_RUNPATH_SEARCH_PATHS = (
					"$(inherited)",
					"@executable_path/../Frameworks",
				);
				PRODUCT_BUNDLE_IDENTIFIER = frankreichard.VocalTextEdit;
				PRODUCT_NAME = "$(TARGET_NAME)";
				SWIFT_VERSION = 4.2;
			};
			name = Debug;
		};
		55B409A321E2686700374035 /* Release */ = {
			isa = XCBuildConfiguration;
			buildSettings = {
				ASSETCATALOG_COMPILER_APPICON_NAME = AppIcon;
				CODE_SIGN_ENTITLEMENTS = VocalTextEdit/VocalTextEdit.entitlements;
				CODE_SIGN_STYLE = Automatic;
				COMBINE_HIDPI_IMAGES = YES;
				INFOPLIST_FILE = VocalTextEdit/Info.plist;
				LD_RUNPATH_SEARCH_PATHS = (
					"$(inherited)",
					"@executable_path/../Frameworks",
				);
				PRODUCT_BUNDLE_IDENTIFIER = frankreichard.VocalTextEdit;
				PRODUCT_NAME = "$(TARGET_NAME)";
				SWIFT_VERSION = 4.2;
			};
			name = Release;
		};
		55B409A521E2686700374035 /* Debug */ = {
			isa = XCBuildConfiguration;
			buildSettings = {
				ALWAYS_EMBED_SWIFT_STANDARD_LIBRARIES = YES;
				BUNDLE_LOADER = "$(TEST_HOST)";
				CODE_SIGN_STYLE = Automatic;
				COMBINE_HIDPI_IMAGES = YES;
				INFOPLIST_FILE = VocalTextEditTests/Info.plist;
				LD_RUNPATH_SEARCH_PATHS = (
					"$(inherited)",
					"@executable_path/../Frameworks",
					"@loader_path/../Frameworks",
				);
				PRODUCT_BUNDLE_IDENTIFIER = frankreichard.VocalTextEditTests;
				PRODUCT_NAME = "$(TARGET_NAME)";
				SWIFT_VERSION = 4.2;
				TEST_HOST = "$(BUILT_PRODUCTS_DIR)/VocalTextEdit.app/Contents/MacOS/VocalTextEdit";
			};
			name = Debug;
		};
		55B409A621E2686700374035 /* Release */ = {
			isa = XCBuildConfiguration;
			buildSettings = {
				ALWAYS_EMBED_SWIFT_STANDARD_LIBRARIES = YES;
				BUNDLE_LOADER = "$(TEST_HOST)";
				CODE_SIGN_STYLE = Automatic;
				COMBINE_HIDPI_IMAGES = YES;
				INFOPLIST_FILE = VocalTextEditTests/Info.plist;
				LD_RUNPATH_SEARCH_PATHS = (
					"$(inherited)",
					"@executable_path/../Frameworks",
					"@loader_path/../Frameworks",
				);
				PRODUCT_BUNDLE_IDENTIFIER = frankreichard.VocalTextEditTests;
				PRODUCT_NAME = "$(TARGET_NAME)";
				SWIFT_VERSION = 4.2;
				TEST_HOST = "$(BUILT_PRODUCTS_DIR)/VocalTextEdit.app/Contents/MacOS/VocalTextEdit";
			};
			name = Release;
		};
		55B409A821E2686700374035 /* Debug */ = {
			isa = XCBuildConfiguration;
			buildSettings = {
				ALWAYS_EMBED_SWIFT_STANDARD_LIBRARIES = YES;
				CODE_SIGN_STYLE = Automatic;
				COMBINE_HIDPI_IMAGES = YES;
				INFOPLIST_FILE = VocalTextEditUITests/Info.plist;
				LD_RUNPATH_SEARCH_PATHS = (
					"$(inherited)",
					"@executable_path/../Frameworks",
					"@loader_path/../Frameworks",
				);
				PRODUCT_BUNDLE_IDENTIFIER = frankreichard.VocalTextEditUITests;
				PRODUCT_NAME = "$(TARGET_NAME)";
				SWIFT_VERSION = 4.2;
				TEST_TARGET_NAME = VocalTextEdit;
			};
			name = Debug;
		};
		55B409A921E2686700374035 /* Release */ = {
			isa = XCBuildConfiguration;
			buildSettings = {
				ALWAYS_EMBED_SWIFT_STANDARD_LIBRARIES = YES;
				CODE_SIGN_STYLE = Automatic;
				COMBINE_HIDPI_IMAGES = YES;
				INFOPLIST_FILE = VocalTextEditUITests/Info.plist;
				LD_RUNPATH_SEARCH_PATHS = (
					"$(inherited)",
					"@executable_path/../Frameworks",
					"@loader_path/../Frameworks",
				);
				PRODUCT_BUNDLE_IDENTIFIER = frankreichard.VocalTextEditUITests;
				PRODUCT_NAME = "$(TARGET_NAME)";
				SWIFT_VERSION = 4.2;
				TEST_TARGET_NAME = VocalTextEdit;
			};
			name = Release;
		};
/* End XCBuildConfiguration section */

/* Begin XCConfigurationList section */
		55B4097421E2686000374035 /* Build configuration list for PBXProject "VocalTextEdit" */ = {
			isa = XCConfigurationList;
			buildConfigurations = (
				55B4099F21E2686700374035 /* Debug */,
				55B409A021E2686700374035 /* Release */,
			);
			defaultConfigurationIsVisible = 0;
			defaultConfigurationName = Release;
		};
		55B409A121E2686700374035 /* Build configuration list for PBXNativeTarget "VocalTextEdit" */ = {
			isa = XCConfigurationList;
			buildConfigurations = (
				55B409A221E2686700374035 /* Debug */,
				55B409A321E2686700374035 /* Release */,
			);
			defaultConfigurationIsVisible = 0;
			defaultConfigurationName = Release;
		};
		55B409A421E2686700374035 /* Build configuration list for PBXNativeTarget "VocalTextEditTests" */ = {
			isa = XCConfigurationList;
			buildConfigurations = (
				55B409A521E2686700374035 /* Debug */,
				55B409A621E2686700374035 /* Release */,
			);
			defaultConfigurationIsVisible = 0;
			defaultConfigurationName = Release;
		};
		55B409A721E2686700374035 /* Build configuration list for PBXNativeTarget "VocalTextEditUITests" */ = {
			isa = XCConfigurationList;
			buildConfigurations = (
				55B409A821E2686700374035 /* Debug */,
				55B409A921E2686700374035 /* Release */,
			);
			defaultConfigurationIsVisible = 0;
			defaultConfigurationName = Release;
		};
/* End XCConfigurationList section */
	};
	rootObject = 55B4097121E2686000374035 /* Project object */;
}
